---
:runtime:
- commons-logging:commons-logging:jar:1.2
- org.springframework:spring-beans:jar:4.1.6.RELEASE
- org.springframework:spring-context:jar:4.1.6.RELEASE
- org.springframework:spring-core:jar:4.1.6.RELEASE
- aopalliance:aopalliance:jar:1.0
- org.springframework:spring-expression:jar:4.1.6.RELEASE
- com.mvnrails:mvn-rails-java:jar:1.0-SNAPSHOT
- org.springframework:spring-aop:jar:4.1.6.RELEASE
